{
  "nodes": {
    "emacs-overlay": {
      "locked": {
        "lastModified": 1634151232,
        "narHash": "sha256-cF4eMrDL2AxU1NEq5i9gz44XFTKaZc5ZM29jqJpRn2M=",
        "owner": "nix-community",
        "repo": "emacs-overlay",
        "rev": "0952bf80e04f05671631344b0d39a489b781284a",
        "type": "github"
      },
      "original": {
        "owner": "nix-community",
        "repo": "emacs-overlay",
        "type": "github"
      }
    },
    "flake-utils": {
      "locked": {
        "lastModified": 1631561581,
        "narHash": "sha256-3VQMV5zvxaVLvqqUrNz3iJelLw30mIVSfZmAaauM3dA=",
        "owner": "numtide",
        "repo": "flake-utils",
        "rev": "7e5bf3925f6fbdfaf50a2a7ca0be2879c4261d19",
        "type": "github"
      },
      "original": {
        "owner": "numtide",
        "repo": "flake-utils",
        "type": "github"
      }
    },
    "gitignore": {
      "inputs": {
        "nixpkgs": [
          "nixpkgs"
        ]
      },
      "locked": {
        "lastModified": 1634151530,
        "narHash": "sha256-l1wnu/jSxhj6+MGurKupKkWZh3Om/6FuYc/FdSlkyRI=",
        "owner": "hercules-ci",
        "repo": "gitignore.nix",
        "rev": "9e80c4d83026fa6548bc53b1a6fab8549a6991f6",
        "type": "github"
      },
      "original": {
        "owner": "hercules-ci",
        "repo": "gitignore.nix",
        "type": "github"
      }
    },
    "nixpkgs": {
      "locked": {
        "lastModified": 1634175939,
        "narHash": "sha256-Wccbdwil6N6N+1chASL/aufGz89eRajAZRMFKUVlYCc=",
        "owner": "NixOS",
        "repo": "nixpkgs",
        "rev": "74c63a11cd4b0b67cf6645fde52d5d6fd8ba47a5",
        "type": "github"
      },
      "original": {
        "id": "nixpkgs",
        "type": "indirect"
      }
    },
    "pre-commit-hooks": {
      "inputs": {
        "flake-utils": [
          "flake-utils"
        ],
        "nixpkgs": [
          "nixpkgs"
        ]
      },
      "locked": {
        "lastModified": 1633788342,
        "narHash": "sha256-wx+aRtR5FwbMOV/0N3PSC4au92aXl6tfwHOk4xgYXRQ=",
        "owner": "cachix",
        "repo": "pre-commit-hooks.nix",
        "rev": "475b1f7f7ddcb6415e6624a68c4fe90f55ee9e73",
        "type": "github"
      },
      "original": {
        "owner": "cachix",
        "repo": "pre-commit-hooks.nix",
        "type": "github"
      }
    },
    "root": {
      "inputs": {
        "emacs-overlay": "emacs-overlay",
        "flake-utils": "flake-utils",
        "gitignore": "gitignore",
        "nixpkgs": "nixpkgs",
        "pre-commit-hooks": "pre-commit-hooks"
      }
    }
  },
  "root": "root",
  "version": 7
}
